
Microsoft Visual Studio Solution File, Format Version 12.00
# Visual Studio Version 17
VisualStudioVersion = 17.1.32421.90
MinimumVisualStudioVersion = 10.0.40219.1
Project("{FAE04EC0-301F-11D3-BF4B-00C04F79EFBC}") = "csharp-geometria", "csharp-geometria.csproj", "{B53F0703-0920-4C45-B33B-27BA164384E3}"
EndProject
Global
	GlobalSection(SolutionConfigurationPlatforms) = preSolution
		Debug|Any CPU = Debug|Any CPU
		Release|Any CPU = Release|Any CPU
	EndGlobalSection
	GlobalSection(ProjectConfigurationPlatforms) = postSolution
		{B53F0703-0920-4C45-B33B-27BA164384E3}.Debug|Any CPU.ActiveCfg = Debug|Any CPU
		{B53F0703-0920-4C45-B33B-27BA164384E3}.Debug|Any CPU.Build.0 = Debug|Any CPU
		{B53F0703-0920-4C45-B33B-27BA164384E3}.Release|Any CPU.ActiveCfg = Release|Any CPU
		{B53F0703-0920-4C45-B33B-27BA164384E3}.Release|Any CPU.Build.0 = Release|Any CPU
	EndGlobalSection
	GlobalSection(SolutionProperties) = preSolution
		HideSolutionNode = FALSE
	EndGlobalSection
	GlobalSection(ExtensibilityGlobals) = postSolution
		SolutionGuid = {6B54375D-3232-4916-8E45-77B084433F38}
	EndGlobalSection
EndGlobal
